
Microsoft Visual Studio Solution File, Format Version 12.00
# Visual Studio 2013
VisualStudioVersion = 12.0.40629.0
MinimumVisualStudioVersion = 10.0.40219.1
Project("{FAE04EC0-301F-11D3-BF4B-00C04F79EFBC}") = "EPiServer.Commerce", "EPiServer.Commerce.csproj", "{BCDEA6F9-9E3C-4ED6-897B-8C0BAAD3A7BB}"
EndProject
Project("{FAE04EC0-301F-11D3-BF4B-00C04F79EFBC}") = "ManagerApp", "..\ManagerApp\ManagerApp.csproj", "{16D854E8-E1E6-412E-9D2F-600C746CD329}"
EndProject
Global
	GlobalSection(SolutionConfigurationPlatforms) = preSolution
		Debug|Any CPU = Debug|Any CPU
		Release|Any CPU = Release|Any CPU
	EndGlobalSection
	GlobalSection(ProjectConfigurationPlatforms) = postSolution
		{BCDEA6F9-9E3C-4ED6-897B-8C0BAAD3A7BB}.Debug|Any CPU.ActiveCfg = Debug|Any CPU
		{BCDEA6F9-9E3C-4ED6-897B-8C0BAAD3A7BB}.Debug|Any CPU.Build.0 = Debug|Any CPU
		{BCDEA6F9-9E3C-4ED6-897B-8C0BAAD3A7BB}.Release|Any CPU.ActiveCfg = Release|Any CPU
		{BCDEA6F9-9E3C-4ED6-897B-8C0BAAD3A7BB}.Release|Any CPU.Build.0 = Release|Any CPU
		{16D854E8-E1E6-412E-9D2F-600C746CD329}.Debug|Any CPU.ActiveCfg = Debug|Any CPU
		{16D854E8-E1E6-412E-9D2F-600C746CD329}.Debug|Any CPU.Build.0 = Debug|Any CPU
		{16D854E8-E1E6-412E-9D2F-600C746CD329}.Release|Any CPU.ActiveCfg = Release|Any CPU
		{16D854E8-E1E6-412E-9D2F-600C746CD329}.Release|Any CPU.Build.0 = Release|Any CPU
	EndGlobalSection
	GlobalSection(SolutionProperties) = preSolution
		HideSolutionNode = FALSE
	EndGlobalSection
EndGlobal
